
Microsoft Visual Studio Solution File, Format Version 12.00
# Visual Studio Version 16
VisualStudioVersion = 16.0.30330.147
MinimumVisualStudioVersion = 10.0.40219.1
Project("{FAE04EC0-301F-11D3-BF4B-00C04F79EFBC}") = "PrjFundBrad", "PrjFundBrad\PrjFundBrad.csproj", "{A3D9BF0D-9B3C-4591-80BB-EF8BB6E6EEAB}"
EndProject
Project("{9A19103F-16F7-4668-BE54-9A1E7A4F7556}") = "PrjFunBradConsole", "PrjFunBradConsole\PrjFunBradConsole.csproj", "{B4246E59-08AF-40B7-92E3-7CCA8D5E3019}"
EndProject
Project("{FAE04EC0-301F-11D3-BF4B-00C04F79EFBC}") = "Alohaworld_windows", "Alohaworld_windows\Alohaworld_windows.csproj", "{B976B304-42F7-415F-BD7B-952A395A1A43}"
EndProject
Project("{2150E333-8FDC-42A3-9474-1A3956D46DE8}") = "exercicios", "exercicios", "{38F9F05B-03BE-4625-82BA-EA844AD5EEB6}"
EndProject
Project("{FAE04EC0-301F-11D3-BF4B-00C04F79EFBC}") = "calBradesco", "calBradesco\calBradesco.csproj", "{B0DD3F74-C7AF-4697-AD5C-93B54437218C}"
EndProject
Project("{FAE04EC0-301F-11D3-BF4B-00C04F79EFBC}") = "Calcular_media", "Calcular_media\Calcular_media.csproj", "{EA1B9586-DB73-4ABB-AF1B-FFBED88FD8E7}"
EndProject
Project("{FAE04EC0-301F-11D3-BF4B-00C04F79EFBC}") = "Condicao_IF", "Condicao_IF\Condicao_IF.csproj", "{0DE7F27E-B3D2-46B1-836A-28D0ADC8ED96}"
EndProject
Project("{FAE04EC0-301F-11D3-BF4B-00C04F79EFBC}") = "CalculoIMC", "CalculoIMC\CalculoIMC.csproj", "{6DEDAF69-9F9E-4B92-ABC9-E6A8CE2867A7}"
EndProject
Project("{FAE04EC0-301F-11D3-BF4B-00C04F79EFBC}") = "Switch_case", "Switch_case\Switch_case.csproj", "{631F2920-C3F9-4E66-9031-9A2AF4D2255F}"
EndProject
Project("{FAE04EC0-301F-11D3-BF4B-00C04F79EFBC}") = "Conceito_while_true", "Conceito_while_true\Conceito_while_true.csproj", "{3A5F3B32-7F75-4F01-8C36-60463E984473}"
EndProject
Project("{FAE04EC0-301F-11D3-BF4B-00C04F79EFBC}") = "do_while", "do_while\do_while.csproj", "{29A8B326-CCD7-4836-8B45-567A8AA59F1F}"
EndProject
Project("{FAE04EC0-301F-11D3-BF4B-00C04F79EFBC}") = "Conceito_for", "Conceito_for\Conceito_for.csproj", "{4BAA24B7-7909-4A19-856E-55DB6480E41B}"
EndProject
Project("{FAE04EC0-301F-11D3-BF4B-00C04F79EFBC}") = "exemplo_while_for", "exemplo_while_for\exemplo_while_for.csproj", "{158454AB-0290-44EF-A3E6-E1203EEE7845}"
EndProject
Project("{FAE04EC0-301F-11D3-BF4B-00C04F79EFBC}") = "Splash_screen", "Splash_screen\Splash_screen.csproj", "{45FF2421-52D7-49FC-B646-8C980A151822}"
EndProject
Project("{FAE04EC0-301F-11D3-BF4B-00C04F79EFBC}") = "login", "login\login.csproj", "{4F5BEDDD-D86A-4474-BCB6-04EE47CF3FB8}"
EndProject
Project("{FAE04EC0-301F-11D3-BF4B-00C04F79EFBC}") = "arrays", "arrays\arrays.csproj", "{A54ED3E5-B3EC-4435-A5CA-C214A9DCBB2F}"
EndProject
Project("{FAE04EC0-301F-11D3-BF4B-00C04F79EFBC}") = "array_multi", "array_multi\array_multi.csproj", "{457DC668-DFDD-4D9C-8C00-F5E7AE397B1F}"
EndProject
Project("{FAE04EC0-301F-11D3-BF4B-00C04F79EFBC}") = "Sistema_cantina", "Sistema_cantina\Sistema_cantina.csproj", "{74E9D4EB-C19D-4C5A-8AA5-7419338B3670}"
EndProject
Project("{FAE04EC0-301F-11D3-BF4B-00C04F79EFBC}") = "Tratamento_erros", "Tratamento_erros\Tratamento_erros.csproj", "{AA4A528A-8918-4740-8D2A-77BAAE3EAD64}"
EndProject
Project("{FAE04EC0-301F-11D3-BF4B-00C04F79EFBC}") = "baNCO_dADOS", "baNCO_dADOS\baNCO_dADOS.csproj", "{FCF68AB7-034F-4172-8E44-54D39620F4D7}"
EndProject
Project("{FAE04EC0-301F-11D3-BF4B-00C04F79EFBC}") = "Loja.UI", "loja_camada_ui\Loja.UI.csproj", "{404AC992-DE5F-4754-B84B-AB9EAA014085}"
EndProject
Project("{2150E333-8FDC-42A3-9474-1A3956D46DE8}") = "Loja_projeto", "Loja_projeto", "{B04CCD97-213A-40AC-A345-E8E4EBC25C14}"
EndProject
Project("{FAE04EC0-301F-11D3-BF4B-00C04F79EFBC}") = "Loja.DTO", "Loja.DTO\Loja.DTO.csproj", "{886F983D-A106-4745-93C4-5C605DC60A7F}"
EndProject
Project("{FAE04EC0-301F-11D3-BF4B-00C04F79EFBC}") = "Loja.DAL", "Loja.DAL\Loja.DAL.csproj", "{94A25D46-51A0-4CB9-AE0C-0F02B96DFE7B}"
EndProject
Project("{FAE04EC0-301F-11D3-BF4B-00C04F79EFBC}") = "Loja.BLL", "Usuario.BLL\Loja.BLL.csproj", "{924F011B-3128-4451-A250-8214666B13D9}"
EndProject
Global
	GlobalSection(SolutionConfigurationPlatforms) = preSolution
		Debug|Any CPU = Debug|Any CPU
		Release|Any CPU = Release|Any CPU
	EndGlobalSection
	GlobalSection(ProjectConfigurationPlatforms) = postSolution
		{A3D9BF0D-9B3C-4591-80BB-EF8BB6E6EEAB}.Debug|Any CPU.ActiveCfg = Debug|Any CPU
		{A3D9BF0D-9B3C-4591-80BB-EF8BB6E6EEAB}.Debug|Any CPU.Build.0 = Debug|Any CPU
		{A3D9BF0D-9B3C-4591-80BB-EF8BB6E6EEAB}.Release|Any CPU.ActiveCfg = Release|Any CPU
		{A3D9BF0D-9B3C-4591-80BB-EF8BB6E6EEAB}.Release|Any CPU.Build.0 = Release|Any CPU
		{B4246E59-08AF-40B7-92E3-7CCA8D5E3019}.Debug|Any CPU.ActiveCfg = Debug|Any CPU
		{B4246E59-08AF-40B7-92E3-7CCA8D5E3019}.Debug|Any CPU.Build.0 = Debug|Any CPU
		{B4246E59-08AF-40B7-92E3-7CCA8D5E3019}.Release|Any CPU.ActiveCfg = Release|Any CPU
		{B4246E59-08AF-40B7-92E3-7CCA8D5E3019}.Release|Any CPU.Build.0 = Release|Any CPU
		{B976B304-42F7-415F-BD7B-952A395A1A43}.Debug|Any CPU.ActiveCfg = Debug|Any CPU
		{B976B304-42F7-415F-BD7B-952A395A1A43}.Debug|Any CPU.Build.0 = Debug|Any CPU
		{B976B304-42F7-415F-BD7B-952A395A1A43}.Release|Any CPU.ActiveCfg = Release|Any CPU
		{B976B304-42F7-415F-BD7B-952A395A1A43}.Release|Any CPU.Build.0 = Release|Any CPU
		{B0DD3F74-C7AF-4697-AD5C-93B54437218C}.Debug|Any CPU.ActiveCfg = Debug|Any CPU
		{B0DD3F74-C7AF-4697-AD5C-93B54437218C}.Debug|Any CPU.Build.0 = Debug|Any CPU
		{B0DD3F74-C7AF-4697-AD5C-93B54437218C}.Release|Any CPU.ActiveCfg = Release|Any CPU
		{B0DD3F74-C7AF-4697-AD5C-93B54437218C}.Release|Any CPU.Build.0 = Release|Any CPU
		{EA1B9586-DB73-4ABB-AF1B-FFBED88FD8E7}.Debug|Any CPU.ActiveCfg = Debug|Any CPU
		{EA1B9586-DB73-4ABB-AF1B-FFBED88FD8E7}.Debug|Any CPU.Build.0 = Debug|Any CPU
		{EA1B9586-DB73-4ABB-AF1B-FFBED88FD8E7}.Release|Any CPU.ActiveCfg = Release|Any CPU
		{EA1B9586-DB73-4ABB-AF1B-FFBED88FD8E7}.Release|Any CPU.Build.0 = Release|Any CPU
		{0DE7F27E-B3D2-46B1-836A-28D0ADC8ED96}.Debug|Any CPU.ActiveCfg = Debug|Any CPU
		{0DE7F27E-B3D2-46B1-836A-28D0ADC8ED96}.Debug|Any CPU.Build.0 = Debug|Any CPU
		{0DE7F27E-B3D2-46B1-836A-28D0ADC8ED96}.Release|Any CPU.ActiveCfg = Release|Any CPU
		{0DE7F27E-B3D2-46B1-836A-28D0ADC8ED96}.Release|Any CPU.Build.0 = Release|Any CPU
		{6DEDAF69-9F9E-4B92-ABC9-E6A8CE2867A7}.Debug|Any CPU.ActiveCfg = Debug|Any CPU
		{6DEDAF69-9F9E-4B92-ABC9-E6A8CE2867A7}.Debug|Any CPU.Build.0 = Debug|Any CPU
		{6DEDAF69-9F9E-4B92-ABC9-E6A8CE2867A7}.Release|Any CPU.ActiveCfg = Release|Any CPU
		{6DEDAF69-9F9E-4B92-ABC9-E6A8CE2867A7}.Release|Any CPU.Build.0 = Release|Any CPU
		{631F2920-C3F9-4E66-9031-9A2AF4D2255F}.Debug|Any CPU.ActiveCfg = Debug|Any CPU
		{631F2920-C3F9-4E66-9031-9A2AF4D2255F}.Debug|Any CPU.Build.0 = Debug|Any CPU
		{631F2920-C3F9-4E66-9031-9A2AF4D2255F}.Release|Any CPU.ActiveCfg = Release|Any CPU
		{631F2920-C3F9-4E66-9031-9A2AF4D2255F}.Release|Any CPU.Build.0 = Release|Any CPU
		{3A5F3B32-7F75-4F01-8C36-60463E984473}.Debug|Any CPU.ActiveCfg = Debug|Any CPU
		{3A5F3B32-7F75-4F01-8C36-60463E984473}.Debug|Any CPU.Build.0 = Debug|Any CPU
		{3A5F3B32-7F75-4F01-8C36-60463E984473}.Release|Any CPU.ActiveCfg = Release|Any CPU
		{3A5F3B32-7F75-4F01-8C36-60463E984473}.Release|Any CPU.Build.0 = Release|Any CPU
		{29A8B326-CCD7-4836-8B45-567A8AA59F1F}.Debug|Any CPU.ActiveCfg = Debug|Any CPU
		{29A8B326-CCD7-4836-8B45-567A8AA59F1F}.Debug|Any CPU.Build.0 = Debug|Any CPU
		{29A8B326-CCD7-4836-8B45-567A8AA59F1F}.Release|Any CPU.ActiveCfg = Release|Any CPU
		{29A8B326-CCD7-4836-8B45-567A8AA59F1F}.Release|Any CPU.Build.0 = Release|Any CPU
		{4BAA24B7-7909-4A19-856E-55DB6480E41B}.Debug|Any CPU.ActiveCfg = Debug|Any CPU
		{4BAA24B7-7909-4A19-856E-55DB6480E41B}.Debug|Any CPU.Build.0 = Debug|Any CPU
		{4BAA24B7-7909-4A19-856E-55DB6480E41B}.Release|Any CPU.ActiveCfg = Release|Any CPU
		{4BAA24B7-7909-4A19-856E-55DB6480E41B}.Release|Any CPU.Build.0 = Release|Any CPU
		{158454AB-0290-44EF-A3E6-E1203EEE7845}.Debug|Any CPU.ActiveCfg = Debug|Any CPU
		{158454AB-0290-44EF-A3E6-E1203EEE7845}.Debug|Any CPU.Build.0 = Debug|Any CPU
		{158454AB-0290-44EF-A3E6-E1203EEE7845}.Release|Any CPU.ActiveCfg = Release|Any CPU
		{158454AB-0290-44EF-A3E6-E1203EEE7845}.Release|Any CPU.Build.0 = Release|Any CPU
		{45FF2421-52D7-49FC-B646-8C980A151822}.Debug|Any CPU.ActiveCfg = Debug|Any CPU
		{45FF2421-52D7-49FC-B646-8C980A151822}.Debug|Any CPU.Build.0 = Debug|Any CPU
		{45FF2421-52D7-49FC-B646-8C980A151822}.Release|Any CPU.ActiveCfg = Release|Any CPU
		{45FF2421-52D7-49FC-B646-8C980A151822}.Release|Any CPU.Build.0 = Release|Any CPU
		{4F5BEDDD-D86A-4474-BCB6-04EE47CF3FB8}.Debug|Any CPU.ActiveCfg = Debug|Any CPU
		{4F5BEDDD-D86A-4474-BCB6-04EE47CF3FB8}.Debug|Any CPU.Build.0 = Debug|Any CPU
		{4F5BEDDD-D86A-4474-BCB6-04EE47CF3FB8}.Release|Any CPU.ActiveCfg = Release|Any CPU
		{4F5BEDDD-D86A-4474-BCB6-04EE47CF3FB8}.Release|Any CPU.Build.0 = Release|Any CPU
		{A54ED3E5-B3EC-4435-A5CA-C214A9DCBB2F}.Debug|Any CPU.ActiveCfg = Debug|Any CPU
		{A54ED3E5-B3EC-4435-A5CA-C214A9DCBB2F}.Debug|Any CPU.Build.0 = Debug|Any CPU
		{A54ED3E5-B3EC-4435-A5CA-C214A9DCBB2F}.Release|Any CPU.ActiveCfg = Release|Any CPU
		{A54ED3E5-B3EC-4435-A5CA-C214A9DCBB2F}.Release|Any CPU.Build.0 = Release|Any CPU
		{457DC668-DFDD-4D9C-8C00-F5E7AE397B1F}.Debug|Any CPU.ActiveCfg = Debug|Any CPU
		{457DC668-DFDD-4D9C-8C00-F5E7AE397B1F}.Debug|Any CPU.Build.0 = Debug|Any CPU
		{457DC668-DFDD-4D9C-8C00-F5E7AE397B1F}.Release|Any CPU.ActiveCfg = Release|Any CPU
		{457DC668-DFDD-4D9C-8C00-F5E7AE397B1F}.Release|Any CPU.Build.0 = Release|Any CPU
		{74E9D4EB-C19D-4C5A-8AA5-7419338B3670}.Debug|Any CPU.ActiveCfg = Debug|Any CPU
		{74E9D4EB-C19D-4C5A-8AA5-7419338B3670}.Debug|Any CPU.Build.0 = Debug|Any CPU
		{74E9D4EB-C19D-4C5A-8AA5-7419338B3670}.Release|Any CPU.ActiveCfg = Release|Any CPU
		{74E9D4EB-C19D-4C5A-8AA5-7419338B3670}.Release|Any CPU.Build.0 = Release|Any CPU
		{AA4A528A-8918-4740-8D2A-77BAAE3EAD64}.Debug|Any CPU.ActiveCfg = Debug|Any CPU
		{AA4A528A-8918-4740-8D2A-77BAAE3EAD64}.Debug|Any CPU.Build.0 = Debug|Any CPU
		{AA4A528A-8918-4740-8D2A-77BAAE3EAD64}.Release|Any CPU.ActiveCfg = Release|Any CPU
		{AA4A528A-8918-4740-8D2A-77BAAE3EAD64}.Release|Any CPU.Build.0 = Release|Any CPU
		{FCF68AB7-034F-4172-8E44-54D39620F4D7}.Debug|Any CPU.ActiveCfg = Debug|Any CPU
		{FCF68AB7-034F-4172-8E44-54D39620F4D7}.Debug|Any CPU.Build.0 = Debug|Any CPU
		{FCF68AB7-034F-4172-8E44-54D39620F4D7}.Release|Any CPU.ActiveCfg = Release|Any CPU
		{FCF68AB7-034F-4172-8E44-54D39620F4D7}.Release|Any CPU.Build.0 = Release|Any CPU
		{404AC992-DE5F-4754-B84B-AB9EAA014085}.Debug|Any CPU.ActiveCfg = Debug|Any CPU
		{404AC992-DE5F-4754-B84B-AB9EAA014085}.Debug|Any CPU.Build.0 = Debug|Any CPU
		{404AC992-DE5F-4754-B84B-AB9EAA014085}.Release|Any CPU.ActiveCfg = Release|Any CPU
		{404AC992-DE5F-4754-B84B-AB9EAA014085}.Release|Any CPU.Build.0 = Release|Any CPU
		{886F983D-A106-4745-93C4-5C605DC60A7F}.Debug|Any CPU.ActiveCfg = Debug|Any CPU
		{886F983D-A106-4745-93C4-5C605DC60A7F}.Debug|Any CPU.Build.0 = Debug|Any CPU
		{886F983D-A106-4745-93C4-5C605DC60A7F}.Release|Any CPU.ActiveCfg = Release|Any CPU
		{886F983D-A106-4745-93C4-5C605DC60A7F}.Release|Any CPU.Build.0 = Release|Any CPU
		{94A25D46-51A0-4CB9-AE0C-0F02B96DFE7B}.Debug|Any CPU.ActiveCfg = Debug|Any CPU
		{94A25D46-51A0-4CB9-AE0C-0F02B96DFE7B}.Debug|Any CPU.Build.0 = Debug|Any CPU
		{94A25D46-51A0-4CB9-AE0C-0F02B96DFE7B}.Release|Any CPU.ActiveCfg = Release|Any CPU
		{94A25D46-51A0-4CB9-AE0C-0F02B96DFE7B}.Release|Any CPU.Build.0 = Release|Any CPU
		{924F011B-3128-4451-A250-8214666B13D9}.Debug|Any CPU.ActiveCfg = Debug|Any CPU
		{924F011B-3128-4451-A250-8214666B13D9}.Debug|Any CPU.Build.0 = Debug|Any CPU
		{924F011B-3128-4451-A250-8214666B13D9}.Release|Any CPU.ActiveCfg = Release|Any CPU
		{924F011B-3128-4451-A250-8214666B13D9}.Release|Any CPU.Build.0 = Release|Any CPU
	EndGlobalSection
	GlobalSection(SolutionProperties) = preSolution
		HideSolutionNode = FALSE
	EndGlobalSection
	GlobalSection(NestedProjects) = preSolution
		{A3D9BF0D-9B3C-4591-80BB-EF8BB6E6EEAB} = {38F9F05B-03BE-4625-82BA-EA844AD5EEB6}
		{B4246E59-08AF-40B7-92E3-7CCA8D5E3019} = {38F9F05B-03BE-4625-82BA-EA844AD5EEB6}
		{B976B304-42F7-415F-BD7B-952A395A1A43} = {38F9F05B-03BE-4625-82BA-EA844AD5EEB6}
		{B0DD3F74-C7AF-4697-AD5C-93B54437218C} = {38F9F05B-03BE-4625-82BA-EA844AD5EEB6}
		{EA1B9586-DB73-4ABB-AF1B-FFBED88FD8E7} = {38F9F05B-03BE-4625-82BA-EA844AD5EEB6}
		{0DE7F27E-B3D2-46B1-836A-28D0ADC8ED96} = {38F9F05B-03BE-4625-82BA-EA844AD5EEB6}
		{6DEDAF69-9F9E-4B92-ABC9-E6A8CE2867A7} = {38F9F05B-03BE-4625-82BA-EA844AD5EEB6}
		{631F2920-C3F9-4E66-9031-9A2AF4D2255F} = {38F9F05B-03BE-4625-82BA-EA844AD5EEB6}
		{3A5F3B32-7F75-4F01-8C36-60463E984473} = {38F9F05B-03BE-4625-82BA-EA844AD5EEB6}
		{29A8B326-CCD7-4836-8B45-567A8AA59F1F} = {38F9F05B-03BE-4625-82BA-EA844AD5EEB6}
		{4BAA24B7-7909-4A19-856E-55DB6480E41B} = {38F9F05B-03BE-4625-82BA-EA844AD5EEB6}
		{158454AB-0290-44EF-A3E6-E1203EEE7845} = {38F9F05B-03BE-4625-82BA-EA844AD5EEB6}
		{45FF2421-52D7-49FC-B646-8C980A151822} = {38F9F05B-03BE-4625-82BA-EA844AD5EEB6}
		{4F5BEDDD-D86A-4474-BCB6-04EE47CF3FB8} = {38F9F05B-03BE-4625-82BA-EA844AD5EEB6}
		{A54ED3E5-B3EC-4435-A5CA-C214A9DCBB2F} = {38F9F05B-03BE-4625-82BA-EA844AD5EEB6}
		{457DC668-DFDD-4D9C-8C00-F5E7AE397B1F} = {38F9F05B-03BE-4625-82BA-EA844AD5EEB6}
		{74E9D4EB-C19D-4C5A-8AA5-7419338B3670} = {38F9F05B-03BE-4625-82BA-EA844AD5EEB6}
		{AA4A528A-8918-4740-8D2A-77BAAE3EAD64} = {38F9F05B-03BE-4625-82BA-EA844AD5EEB6}
		{FCF68AB7-034F-4172-8E44-54D39620F4D7} = {38F9F05B-03BE-4625-82BA-EA844AD5EEB6}
		{404AC992-DE5F-4754-B84B-AB9EAA014085} = {B04CCD97-213A-40AC-A345-E8E4EBC25C14}
		{B04CCD97-213A-40AC-A345-E8E4EBC25C14} = {38F9F05B-03BE-4625-82BA-EA844AD5EEB6}
		{886F983D-A106-4745-93C4-5C605DC60A7F} = {B04CCD97-213A-40AC-A345-E8E4EBC25C14}
		{94A25D46-51A0-4CB9-AE0C-0F02B96DFE7B} = {B04CCD97-213A-40AC-A345-E8E4EBC25C14}
		{924F011B-3128-4451-A250-8214666B13D9} = {B04CCD97-213A-40AC-A345-E8E4EBC25C14}
	EndGlobalSection
	GlobalSection(ExtensibilityGlobals) = postSolution
		SolutionGuid = {BE27B1A2-7780-4EF8-8FD5-6CF4B472947C}
	EndGlobalSection
EndGlobal
